// !$*UTF8*$!
{
	archiveVersion = 1;
	classes = {
	};
	objectVersion = 46;
	objects = {

/* Begin PBXAggregateTarget section */
		B2B1FDFB1B7B5CE10091567D /* Documentation */ = {
			isa = PBXAggregateTarget;
			buildConfigurationList = B2B1FDFC1B7B5CE10091567D /* Build configuration list for PBXAggregateTarget "Documentation" */;
			buildPhases = (
				B2B1FDFF1B7B5CF40091567D /* ShellScript */,
			);
			dependencies = (
			);
			name = Documentation;
			productName = Documentation;
		};
/* End PBXAggregateTarget section */

/* Begin PBXBuildFile section */
		B24514971B7C17C00008C61C /* RandomUtils.m in Sources */ = {isa = PBXBuildFile; fileRef = B24514931B7C17C00008C61C /* RandomUtils.m */; };
		B24514981B7C17C00008C61C /* RandomUtils.m in Sources */ = {isa = PBXBuildFile; fileRef = B24514931B7C17C00008C61C /* RandomUtils.m */; };
		B245149E1B7C18690008C61C /* RandomUtilsTests.m in Sources */ = {isa = PBXBuildFile; fileRef = B24514951B7C17C00008C61C /* RandomUtilsTests.m */; };
		B2B1FDE91B7AA28A0091567D /* libRandomUtils.a in Frameworks */ = {isa = PBXBuildFile; fileRef = B2B1FDDD1B7AA28A0091567D /* libRandomUtils.a */; };
/* End PBXBuildFile section */

/* Begin PBXContainerItemProxy section */
		B2B1FDEA1B7AA28A0091567D /* PBXContainerItemProxy */ = {
			isa = PBXContainerItemProxy;
			containerPortal = B2B1FDD51B7AA28A0091567D /* Project object */;
			proxyType = 1;
			remoteGlobalIDString = B2B1FDDC1B7AA28A0091567D;
			remoteInfo = "random-utils";
		};
/* End PBXContainerItemProxy section */

/* Begin PBXCopyFilesBuildPhase section */
		B2B1FDDB1B7AA28A0091567D /* CopyFiles */ = {
			isa = PBXCopyFilesBuildPhase;
			buildActionMask = 2147483647;
			dstPath = "include/$(PRODUCT_NAME)";
			dstSubfolderSpec = 16;
			files = (
			);
			runOnlyForDeploymentPostprocessing = 0;
		};
/* End PBXCopyFilesBuildPhase section */

/* Begin PBXFileReference section */
		B24514921B7C17C00008C61C /* RandomUtils.h */ = {isa = PBXFileReference; fileEncoding = 4; lastKnownFileType = sourcecode.c.h; path = RandomUtils.h; sourceTree = "<group>"; };
		B24514931B7C17C00008C61C /* RandomUtils.m */ = {isa = PBXFileReference; fileEncoding = 4; lastKnownFileType = sourcecode.c.objc; path = RandomUtils.m; sourceTree = "<group>"; };
		B24514951B7C17C00008C61C /* RandomUtilsTests.m */ = {isa = PBXFileReference; fileEncoding = 4; lastKnownFileType = sourcecode.c.objc; path = RandomUtilsTests.m; sourceTree = "<group>"; };
		B24514961B7C17C00008C61C /* Info.plist */ = {isa = PBXFileReference; fileEncoding = 4; lastKnownFileType = text.plist.xml; path = Info.plist; sourceTree = "<group>"; };
		B2B1FDDD1B7AA28A0091567D /* libRandomUtils.a */ = {isa = PBXFileReference; explicitFileType = archive.ar; includeInIndex = 0; path = libRandomUtils.a; sourceTree = BUILT_PRODUCTS_DIR; };
		B2B1FDE81B7AA28A0091567D /* RandomUtils.xctest */ = {isa = PBXFileReference; explicitFileType = wrapper.cfbundle; includeInIndex = 0; path = RandomUtils.xctest; sourceTree = BUILT_PRODUCTS_DIR; };
/* End PBXFileReference section */

/* Begin PBXFrameworksBuildPhase section */
		B2B1FDDA1B7AA28A0091567D /* Frameworks */ = {
			isa = PBXFrameworksBuildPhase;
			buildActionMask = 2147483647;
			files = (
			);
			runOnlyForDeploymentPostprocessing = 0;
		};
		B2B1FDE51B7AA28A0091567D /* Frameworks */ = {
			isa = PBXFrameworksBuildPhase;
			buildActionMask = 2147483647;
			files = (
				B2B1FDE91B7AA28A0091567D /* libRandomUtils.a in Frameworks */,
			);
			runOnlyForDeploymentPostprocessing = 0;
		};
/* End PBXFrameworksBuildPhase section */

/* Begin PBXGroup section */
		B24514911B7C17C00008C61C /* RandomUtils */ = {
			isa = PBXGroup;
			children = (
				B24514921B7C17C00008C61C /* RandomUtils.h */,
				B24514931B7C17C00008C61C /* RandomUtils.m */,
			);
			path = RandomUtils;
			sourceTree = "<group>";
		};
		B24514941B7C17C00008C61C /* RandomUtilsTests */ = {
			isa = PBXGroup;
			children = (
				B24514951B7C17C00008C61C /* RandomUtilsTests.m */,
				B24514961B7C17C00008C61C /* Info.plist */,
			);
			path = RandomUtilsTests;
			sourceTree = "<group>";
		};
		B2B1FDD41B7AA28A0091567D = {
			isa = PBXGroup;
			children = (
				B24514911B7C17C00008C61C /* RandomUtils */,
				B24514941B7C17C00008C61C /* RandomUtilsTests */,
				B2B1FDDE1B7AA28A0091567D /* Products */,
			);
			sourceTree = "<group>";
		};
		B2B1FDDE1B7AA28A0091567D /* Products */ = {
			isa = PBXGroup;
			children = (
				B2B1FDDD1B7AA28A0091567D /* libRandomUtils.a */,
				B2B1FDE81B7AA28A0091567D /* RandomUtils.xctest */,
			);
			name = Products;
			sourceTree = "<group>";
		};
/* End PBXGroup section */

/* Begin PBXNativeTarget section */
		B2B1FDDC1B7AA28A0091567D /* RandomUtils */ = {
			isa = PBXNativeTarget;
			buildConfigurationList = B2B1FDF11B7AA28A0091567D /* Build configuration list for PBXNativeTarget "RandomUtils" */;
			buildPhases = (
				B2B1FDD91B7AA28A0091567D /* Sources */,
				B2B1FDDA1B7AA28A0091567D /* Frameworks */,
				B2B1FDDB1B7AA28A0091567D /* CopyFiles */,
			);
			buildRules = (
			);
			dependencies = (
			);
			name = RandomUtils;
			productName = "random-utils";
			productReference = B2B1FDDD1B7AA28A0091567D /* libRandomUtils.a */;
			productType = "com.apple.product-type.library.static";
		};
		B2B1FDE71B7AA28A0091567D /* RandomUtilsTests */ = {
			isa = PBXNativeTarget;
			buildConfigurationList = B2B1FDF41B7AA28A0091567D /* Build configuration list for PBXNativeTarget "RandomUtilsTests" */;
			buildPhases = (
				B2B1FDE41B7AA28A0091567D /* Sources */,
				B2B1FDE51B7AA28A0091567D /* Frameworks */,
				B2B1FDE61B7AA28A0091567D /* Resources */,
			);
			buildRules = (
			);
			dependencies = (
				B2B1FDEB1B7AA28A0091567D /* PBXTargetDependency */,
			);
			name = RandomUtilsTests;
			productName = "random-utilsTests";
			productReference = B2B1FDE81B7AA28A0091567D /* RandomUtils.xctest */;
			productType = "com.apple.product-type.bundle.unit-test";
		};
/* End PBXNativeTarget section */

/* Begin PBXProject section */
		B2B1FDD51B7AA28A0091567D /* Project object */ = {
			isa = PBXProject;
			attributes = {
				LastUpgradeCheck = 1140;
				ORGANIZATIONNAME = GrzegorzKrukowski;
				TargetAttributes = {
					B2B1FDDC1B7AA28A0091567D = {
						CreatedOnToolsVersion = 6.4;
					};
					B2B1FDE71B7AA28A0091567D = {
						CreatedOnToolsVersion = 6.4;
					};
					B2B1FDFB1B7B5CE10091567D = {
						CreatedOnToolsVersion = 6.4;
					};
				};
			};
			buildConfigurationList = B2B1FDD81B7AA28A0091567D /* Build configuration list for PBXProject "RandomUtils" */;
			compatibilityVersion = "Xcode 3.2";
			developmentRegion = en;
			hasScannedForEncodings = 0;
			knownRegions = (
				en,
				Base,
			);
			mainGroup = B2B1FDD41B7AA28A0091567D;
			productRefGroup = B2B1FDDE1B7AA28A0091567D /* Products */;
			projectDirPath = "";
			projectRoot = "";
			targets = (
				B2B1FDDC1B7AA28A0091567D /* RandomUtils */,
				B2B1FDE71B7AA28A0091567D /* RandomUtilsTests */,
				B2B1FDFB1B7B5CE10091567D /* Documentation */,
			);
		};
/* End PBXProject section */

/* Begin PBXResourcesBuildPhase section */
		B2B1FDE61B7AA28A0091567D /* Resources */ = {
			isa = PBXResourcesBuildPhase;
			buildActionMask = 2147483647;
			files = (
			);
			runOnlyForDeploymentPostprocessing = 0;
		};
/* End PBXResourcesBuildPhase section */

/* Begin PBXShellScriptBuildPhase section */
		B2B1FDFF1B7B5CF40091567D /* ShellScript */ = {
			isa = PBXShellScriptBuildPhase;
			buildActionMask = 2147483647;
			files = (
			);
			inputPaths = (
			);
			outputPaths = (
			);
			runOnlyForDeploymentPostprocessing = 0;
			shellPath = /bin/sh;
			shellScript = "#appledoc Xcode script\n# Start constants\ncompany=\"Grzegorz Krukowski\";\ncompanyID=\"com.grzegorzkrukowski\";\ncompanyURL=\"https://github.com/grzegorzkrukowski\";\ntarget=\"iphoneos\";\noutputPath=\"Docs\";\n# End constants\n/usr/local/bin/appledoc \\\n--project-name \"${PROJECT_NAME}\" \\\n--project-company \"${company}\" \\\n--company-id \"${companyID}\" \\\n--output \"${outputPath}\" \\\n--logformat xcode \\\n--keep-intermediate-files \\\n--no-repeat-first-par \\\n--no-warn-invalid-crossref \\\n--exit-threshold 2 \\\n\"${PROJECT_DIR}\"";
		};
/* End PBXShellScriptBuildPhase section */

/* Begin PBXSourcesBuildPhase section */
		B2B1FDD91B7AA28A0091567D /* Sources */ = {
			isa = PBXSourcesBuildPhase;
			buildActionMask = 2147483647;
			files = (
				B24514971B7C17C00008C61C /* RandomUtils.m in Sources */,
			);
			runOnlyForDeploymentPostprocessing = 0;
		};
		B2B1FDE41B7AA28A0091567D /* Sources */ = {
			isa = PBXSourcesBuildPhase;
			buildActionMask = 2147483647;
			files = (
				B245149E1B7C18690008C61C /* RandomUtilsTests.m in Sources */,
				B24514981B7C17C00008C61C /* RandomUtils.m in Sources */,
			);
			runOnlyForDeploymentPostprocessing = 0;
		};
/* End PBXSourcesBuildPhase section */

/* Begin PBXTargetDependency section */
		B2B1FDEB1B7AA28A0091567D /* PBXTargetDependency */ = {
			isa = PBXTargetDependency;
			target = B2B1FDDC1B7AA28A0091567D /* RandomUtils */;
			targetProxy = B2B1FDEA1B7AA28A0091567D /* PBXContainerItemProxy */;
		};
/* End PBXTargetDependency section */

/* Begin XCBuildConfiguration section */
		B2B1FDEF1B7AA28A0091567D /* Debug */ = {
			isa = XCBuildConfiguration;
			buildSettings = {
				ALWAYS_SEARCH_USER_PATHS = NO;
				CLANG_ANALYZER_LOCALIZABILITY_NONLOCALIZED = YES;
				CLANG_CXX_LANGUAGE_STANDARD = "gnu++0x";
				CLANG_CXX_LIBRARY = "libc++";
				CLANG_ENABLE_MODULES = YES;
				CLANG_ENABLE_OBJC_ARC = YES;
				CLANG_WARN_BLOCK_CAPTURE_AUTORELEASING = YES;
				CLANG_WARN_BOOL_CONVERSION = YES;
				CLANG_WARN_COMMA = YES;
				CLANG_WARN_CONSTANT_CONVERSION = YES;
				CLANG_WARN_DEPRECATED_OBJC_IMPLEMENTATIONS = YES;
				CLANG_WARN_DIRECT_OBJC_ISA_USAGE = YES_ERROR;
				CLANG_WARN_EMPTY_BODY = YES;
				CLANG_WARN_ENUM_CONVERSION = YES;
				CLANG_WARN_INFINITE_RECURSION = YES;
				CLANG_WARN_INT_CONVERSION = YES;
				CLANG_WARN_NON_LITERAL_NULL_CONVERSION = YES;
				CLANG_WARN_OBJC_IMPLICIT_RETAIN_SELF = YES;
				CLANG_WARN_OBJC_LITERAL_CONVERSION = YES;
				CLANG_WARN_OBJC_ROOT_CLASS = YES_ERROR;
				CLANG_WARN_RANGE_LOOP_ANALYSIS = YES;
				CLANG_WARN_STRICT_PROTOTYPES = YES;
				CLANG_WARN_SUSPICIOUS_MOVE = YES;
				CLANG_WARN_UNREACHABLE_CODE = YES;
				CLANG_WARN__DUPLICATE_METHOD_MATCH = YES;
				COPY_PHASE_STRIP = NO;
				DEBUG_INFORMATION_FORMAT = "dwarf-with-dsym";
				ENABLE_STRICT_OBJC_MSGSEND = YES;
				ENABLE_TESTABILITY = YES;
				GCC_C_LANGUAGE_STANDARD = gnu99;
				GCC_DYNAMIC_NO_PIC = NO;
				GCC_NO_COMMON_BLOCKS = YES;
				GCC_OPTIMIZATION_LEVEL = 0;
				GCC_PREPROCESSOR_DEFINITIONS = (
					"DEBUG=1",
					"$(inherited)",
				);
				GCC_SYMBOLS_PRIVATE_EXTERN = NO;
				GCC_WARN_64_TO_32_BIT_CONVERSION = YES;
				GCC_WARN_ABOUT_RETURN_TYPE = YES_ERROR;
				GCC_WARN_UNDECLARED_SELECTOR = YES;
				GCC_WARN_UNINITIALIZED_AUTOS = YES_AGGRESSIVE;
				GCC_WARN_UNUSED_FUNCTION = YES;
				GCC_WARN_UNUSED_VARIABLE = YES;
				IPHONEOS_DEPLOYMENT_TARGET = 8.4;
				MTL_ENABLE_DEBUG_INFO = YES;
				ONLY_ACTIVE_ARCH = YES;
				SDKROOT = iphoneos;
			};
			name = Debug;
		};
		B2B1FDF01B7AA28A0091567D /* Release */ = {
			isa = XCBuildConfiguration;
			buildSettings = {
				ALWAYS_SEARCH_USER_PATHS = NO;
				CLANG_ANALYZER_LOCALIZABILITY_NONLOCALIZED = YES;
				CLANG_CXX_LANGUAGE_STANDARD = "gnu++0x";
				CLANG_CXX_LIBRARY = "libc++";
				CLANG_ENABLE_MODULES = YES;
				CLANG_ENABLE_OBJC_ARC = YES;
				CLANG_WARN_BLOCK_CAPTURE_AUTORELEASING = YES;
				CLANG_WARN_BOOL_CONVERSION = YES;
				CLANG_WARN_COMMA = YES;
				CLANG_WARN_CONSTANT_CONVERSION = YES;
				CLANG_WARN_DEPRECATED_OBJC_IMPLEMENTATIONS = YES;
				CLANG_WARN_DIRECT_OBJC_ISA_USAGE = YES_ERROR;
				CLANG_WARN_EMPTY_BODY = YES;
				CLANG_WARN_ENUM_CONVERSION = YES;
				CLANG_WARN_INFINITE_RECURSION = YES;
				CLANG_WARN_INT_CONVERSION = YES;
				CLANG_WARN_NON_LITERAL_NULL_CONVERSION = YES;
				CLANG_WARN_OBJC_IMPLICIT_RETAIN_SELF = YES;
				CLANG_WARN_OBJC_LITERAL_CONVERSION = YES;
				CLANG_WARN_OBJC_ROOT_CLASS = YES_ERROR;
				CLANG_WARN_RANGE_LOOP_ANALYSIS = YES;
				CLANG_WARN_STRICT_PROTOTYPES = YES;
				CLANG_WARN_SUSPICIOUS_MOVE = YES;
				CLANG_WARN_UNREACHABLE_CODE = YES;
				CLANG_WARN__DUPLICATE_METHOD_MATCH = YES;
				COPY_PHASE_STRIP = NO;
				DEBUG_INFORMATION_FORMAT = "dwarf-with-dsym";
				ENABLE_NS_ASSERTIONS = NO;
				ENABLE_STRICT_OBJC_MSGSEND = YES;
				GCC_C_LANGUAGE_STANDARD = gnu99;
				GCC_NO_COMMON_BLOCKS = YES;
				GCC_WARN_64_TO_32_BIT_CONVERSION = YES;
				GCC_WARN_ABOUT_RETURN_TYPE = YES_ERROR;
				GCC_WARN_UNDECLARED_SELECTOR = YES;
				GCC_WARN_UNINITIALIZED_AUTOS = YES_AGGRESSIVE;
				GCC_WARN_UNUSED_FUNCTION = YES;
				GCC_WARN_UNUSED_VARIABLE = YES;
				IPHONEOS_DEPLOYMENT_TARGET = 8.4;
				MTL_ENABLE_DEBUG_INFO = NO;
				SDKROOT = iphoneos;
				VALIDATE_PRODUCT = YES;
			};
			name = Release;
		};
		B2B1FDF21B7AA28A0091567D /* Debug */ = {
			isa = XCBuildConfiguration;
			buildSettings = {
				OTHER_LDFLAGS = "-ObjC";
				PRODUCT_NAME = RandomUtils;
				SKIP_INSTALL = YES;
			};
			name = Debug;
		};
		B2B1FDF31B7AA28A0091567D /* Release */ = {
			isa = XCBuildConfiguration;
			buildSettings = {
				OTHER_LDFLAGS = "-ObjC";
				PRODUCT_NAME = RandomUtils;
				SKIP_INSTALL = YES;
			};
			name = Release;
		};
		B2B1FDF51B7AA28A0091567D /* Debug */ = {
			isa = XCBuildConfiguration;
			buildSettings = {
				"CODE_SIGN_IDENTITY[sdk=iphoneos*]" = "iPhone Developer";
				FRAMEWORK_SEARCH_PATHS = (
					"$(SDKROOT)/Developer/Library/Frameworks",
					"$(inherited)",
				);
				GCC_PREPROCESSOR_DEFINITIONS = (
					"DEBUG=1",
					"$(inherited)",
				);
				INFOPLIST_FILE = RandomUtilsTests/Info.plist;
				LD_RUNPATH_SEARCH_PATHS = "$(inherited) @executable_path/Frameworks @loader_path/Frameworks";
				PRODUCT_BUNDLE_IDENTIFIER = "com.grzegorzkrukowski.$(PRODUCT_NAME:rfc1034identifier)";
				PRODUCT_NAME = RandomUtils;
			};
			name = Debug;
		};
		B2B1FDF61B7AA28A0091567D /* Release */ = {
			isa = XCBuildConfiguration;
			buildSettings = {
				"CODE_SIGN_IDENTITY[sdk=iphoneos*]" = "iPhone Developer";
				FRAMEWORK_SEARCH_PATHS = (
					"$(SDKROOT)/Developer/Library/Frameworks",
					"$(inherited)",
				);
				INFOPLIST_FILE = RandomUtilsTests/Info.plist;
				LD_RUNPATH_SEARCH_PATHS = "$(inherited) @executable_path/Frameworks @loader_path/Frameworks";
				PRODUCT_BUNDLE_IDENTIFIER = "com.grzegorzkrukowski.$(PRODUCT_NAME:rfc1034identifier)";
				PRODUCT_NAME = RandomUtils;
			};
			name = Release;
		};
		B2B1FDFD1B7B5CE10091567D /* Debug */ = {
			isa = XCBuildConfiguration;
			buildSettings = {
				PRODUCT_NAME = "$(TARGET_NAME)";
			};
			name = Debug;
		};
		B2B1FDFE1B7B5CE10091567D /* Release */ = {
			isa = XCBuildConfiguration;
			buildSettings = {
				PRODUCT_NAME = "$(TARGET_NAME)";
			};
			name = Release;
		};
/* End XCBuildConfiguration section */

/* Begin XCConfigurationList section */
		B2B1FDD81B7AA28A0091567D /* Build configuration list for PBXProject "RandomUtils" */ = {
			isa = XCConfigurationList;
			buildConfigurations = (
				B2B1FDEF1B7AA28A0091567D /* Debug */,
				B2B1FDF01B7AA28A0091567D /* Release */,
			);
			defaultConfigurationIsVisible = 0;
			defaultConfigurationName = Release;
		};
		B2B1FDF11B7AA28A0091567D /* Build configuration list for PBXNativeTarget "RandomUtils" */ = {
			isa = XCConfigurationList;
			buildConfigurations = (
				B2B1FDF21B7AA28A0091567D /* Debug */,
				B2B1FDF31B7AA28A0091567D /* Release */,
			);
			defaultConfigurationIsVisible = 0;
			defaultConfigurationName = Release;
		};
		B2B1FDF41B7AA28A0091567D /* Build configuration list for PBXNativeTarget "RandomUtilsTests" */ = {
			isa = XCConfigurationList;
			buildConfigurations = (
				B2B1FDF51B7AA28A0091567D /* Debug */,
				B2B1FDF61B7AA28A0091567D /* Release */,
			);
			defaultConfigurationIsVisible = 0;
			defaultConfigurationName = Release;
		};
		B2B1FDFC1B7B5CE10091567D /* Build configuration list for PBXAggregateTarget "Documentation" */ = {
			isa = XCConfigurationList;
			buildConfigurations = (
				B2B1FDFD1B7B5CE10091567D /* Debug */,
				B2B1FDFE1B7B5CE10091567D /* Release */,
			);
			defaultConfigurationIsVisible = 0;
			defaultConfigurationName = Release;
		};
/* End XCConfigurationList section */
	};
	rootObject = B2B1FDD51B7AA28A0091567D /* Project object */;
}
